
Microsoft Visual Studio Solution File, Format Version 12.00
# Visual Studio 14
VisualStudioVersion = 14.0.25123.0
MinimumVisualStudioVersion = 10.0.40219.1
Project("{FAE04EC0-301F-11D3-BF4B-00C04F79EFBC}") = "mb-studi", "mb-studi\mb-studi.csproj", "{DAC81566-6FFF-4BFE-8A60-6DC7FB7937CE}"
EndProject
Global
	GlobalSection(SolutionConfigurationPlatforms) = preSolution
		Debug|Any CPU = Debug|Any CPU
		Release|Any CPU = Release|Any CPU
	EndGlobalSection
	GlobalSection(ProjectConfigurationPlatforms) = postSolution
		{DAC81566-6FFF-4BFE-8A60-6DC7FB7937CE}.Debug|Any CPU.ActiveCfg = Debug|Any CPU
		{DAC81566-6FFF-4BFE-8A60-6DC7FB7937CE}.Debug|Any CPU.Build.0 = Debug|Any CPU
		{DAC81566-6FFF-4BFE-8A60-6DC7FB7937CE}.Release|Any CPU.ActiveCfg = Release|Any CPU
		{DAC81566-6FFF-4BFE-8A60-6DC7FB7937CE}.Release|Any CPU.Build.0 = Release|Any CPU
	EndGlobalSection
	GlobalSection(SolutionProperties) = preSolution
		HideSolutionNode = FALSE
	EndGlobalSection
EndGlobal
